
Microsoft Visual Studio Solution File, Format Version 12.00
# Visual Studio 15
VisualStudioVersion = 15.0.28307.572
MinimumVisualStudioVersion = 10.0.40219.1
Project("{FAE04EC0-301F-11D3-BF4B-00C04F79EFBC}") = "Lavlis", "Lavlis\Lavlis.csproj", "{166E2DA5-747C-468D-A8C8-DC7FA351AEF1}"
EndProject
Global
	GlobalSection(SolutionConfigurationPlatforms) = preSolution
		Debug|Any CPU = Debug|Any CPU
		Release|Any CPU = Release|Any CPU
	EndGlobalSection
	GlobalSection(ProjectConfigurationPlatforms) = postSolution
		{166E2DA5-747C-468D-A8C8-DC7FA351AEF1}.Debug|Any CPU.ActiveCfg = Debug|Any CPU
		{166E2DA5-747C-468D-A8C8-DC7FA351AEF1}.Debug|Any CPU.Build.0 = Debug|Any CPU
		{166E2DA5-747C-468D-A8C8-DC7FA351AEF1}.Release|Any CPU.ActiveCfg = Release|Any CPU
		{166E2DA5-747C-468D-A8C8-DC7FA351AEF1}.Release|Any CPU.Build.0 = Release|Any CPU
	EndGlobalSection
	GlobalSection(SolutionProperties) = preSolution
		HideSolutionNode = FALSE
	EndGlobalSection
	GlobalSection(ExtensibilityGlobals) = postSolution
		SolutionGuid = {2054C7EA-BE06-4903-BCDD-F69CEA09ACA4}
	EndGlobalSection
EndGlobal
